
Microsoft Visual Studio Solution File, Format Version 12.00
# Visual Studio Version 17
VisualStudioVersion = 17.14.36414.22 d17.14
MinimumVisualStudioVersion = 10.0.40219.1
Project("{FAE04EC0-301F-11D3-BF4B-00C04F79EFBC}") = "Reto 3", "Reto 3.csproj", "{B6AC9D9D-6284-4DE7-BEF0-32F2A3D659B0}"
EndProject
Global
	GlobalSection(SolutionConfigurationPlatforms) = preSolution
		Debug|Any CPU = Debug|Any CPU
		Release|Any CPU = Release|Any CPU
	EndGlobalSection
	GlobalSection(ProjectConfigurationPlatforms) = postSolution
		{B6AC9D9D-6284-4DE7-BEF0-32F2A3D659B0}.Debug|Any CPU.ActiveCfg = Debug|Any CPU
		{B6AC9D9D-6284-4DE7-BEF0-32F2A3D659B0}.Debug|Any CPU.Build.0 = Debug|Any CPU
		{B6AC9D9D-6284-4DE7-BEF0-32F2A3D659B0}.Release|Any CPU.ActiveCfg = Release|Any CPU
		{B6AC9D9D-6284-4DE7-BEF0-32F2A3D659B0}.Release|Any CPU.Build.0 = Release|Any CPU
	EndGlobalSection
	GlobalSection(SolutionProperties) = preSolution
		HideSolutionNode = FALSE
	EndGlobalSection
	GlobalSection(ExtensibilityGlobals) = postSolution
		SolutionGuid = {9DC370B4-F422-439E-920E-C66E6EC123D4}
	EndGlobalSection
EndGlobal
